// !$*UTF8*$!
{
	archiveVersion = 1;
	classes = {
	};
	objectVersion = 46;
	objects = {

/* Begin PBXBuildFile section */
		B201DF291EC10920000B6111 /* AppDelegate.swift in Sources */ = {isa = PBXBuildFile; fileRef = B201DF281EC10920000B6111 /* AppDelegate.swift */; };
		B201DF301EC10920000B6111 /* Assets.xcassets in Resources */ = {isa = PBXBuildFile; fileRef = B201DF2F1EC10920000B6111 /* Assets.xcassets */; };
		B201DF331EC10920000B6111 /* LaunchScreen.storyboard in Resources */ = {isa = PBXBuildFile; fileRef = B201DF311EC10920000B6111 /* LaunchScreen.storyboard */; };
		B201DF411EC109BF000B6111 /* MemoryGameViewController.swift in Sources */ = {isa = PBXBuildFile; fileRef = B201DF401EC109BF000B6111 /* MemoryGameViewController.swift */; };
		B201DF431EC13164000B6111 /* StartViewController.swift in Sources */ = {isa = PBXBuildFile; fileRef = B201DF421EC13164000B6111 /* StartViewController.swift */; };
		B201DF451EC136A5000B6111 /* InstructionsViewController.swift in Sources */ = {isa = PBXBuildFile; fileRef = B201DF441EC136A5000B6111 /* InstructionsViewController.swift */; };
/* End PBXBuildFile section */

/* Begin PBXFileReference section */
		B201DF251EC10920000B6111 /* FinalMemoryGame.app */ = {isa = PBXFileReference; explicitFileType = wrapper.application; includeInIndex = 0; path = FinalMemoryGame.app; sourceTree = BUILT_PRODUCTS_DIR; };
		B201DF281EC10920000B6111 /* AppDelegate.swift */ = {isa = PBXFileReference; lastKnownFileType = sourcecode.swift; path = AppDelegate.swift; sourceTree = "<group>"; };
		B201DF2F1EC10920000B6111 /* Assets.xcassets */ = {isa = PBXFileReference; lastKnownFileType = folder.assetcatalog; path = Assets.xcassets; sourceTree = "<group>"; };
		B201DF321EC10920000B6111 /* Base */ = {isa = PBXFileReference; lastKnownFileType = file.storyboard; name = Base; path = Base.lproj/LaunchScreen.storyboard; sourceTree = "<group>"; };
		B201DF341EC10920000B6111 /* Info.plist */ = {isa = PBXFileReference; lastKnownFileType = text.plist.xml; path = Info.plist; sourceTree = "<group>"; };
		B201DF401EC109BF000B6111 /* MemoryGameViewController.swift */ = {isa = PBXFileReference; fileEncoding = 4; lastKnownFileType = sourcecode.swift; name = MemoryGameViewController.swift; path = ../MemoryGameViewController.swift; sourceTree = "<group>"; };
		B201DF421EC13164000B6111 /* StartViewController.swift */ = {isa = PBXFileReference; fileEncoding = 4; lastKnownFileType = sourcecode.swift; path = StartViewController.swift; sourceTree = "<group>"; };
		B201DF441EC136A5000B6111 /* InstructionsViewController.swift */ = {isa = PBXFileReference; fileEncoding = 4; lastKnownFileType = sourcecode.swift; path = InstructionsViewController.swift; sourceTree = "<group>"; };
/* End PBXFileReference section */

/* Begin PBXFrameworksBuildPhase section */
		B201DF221EC10920000B6111 /* Frameworks */ = {
			isa = PBXFrameworksBuildPhase;
			buildActionMask = 2147483647;
			files = (
			);
			runOnlyForDeploymentPostprocessing = 0;
		};
/* End PBXFrameworksBuildPhase section */

/* Begin PBXGroup section */
		B201DF1C1EC10920000B6111 = {
			isa = PBXGroup;
			children = (
				B201DF271EC10920000B6111 /* FinalMemoryGame */,
				B201DF261EC10920000B6111 /* Products */,
			);
			sourceTree = "<group>";
		};
		B201DF261EC10920000B6111 /* Products */ = {
			isa = PBXGroup;
			children = (
				B201DF251EC10920000B6111 /* FinalMemoryGame.app */,
			);
			name = Products;
			sourceTree = "<group>";
		};
		B201DF271EC10920000B6111 /* FinalMemoryGame */ = {
			isa = PBXGroup;
			children = (
				B201DF421EC13164000B6111 /* StartViewController.swift */,
				B201DF401EC109BF000B6111 /* MemoryGameViewController.swift */,
				B201DF441EC136A5000B6111 /* InstructionsViewController.swift */,
				B201DF281EC10920000B6111 /* AppDelegate.swift */,
				B201DF2F1EC10920000B6111 /* Assets.xcassets */,
				B201DF311EC10920000B6111 /* LaunchScreen.storyboard */,
				B201DF341EC10920000B6111 /* Info.plist */,
			);
			path = FinalMemoryGame;
			sourceTree = "<group>";
		};
/* End PBXGroup section */

/* Begin PBXNativeTarget section */
		B201DF241EC10920000B6111 /* FinalMemoryGame */ = {
			isa = PBXNativeTarget;
			buildConfigurationList = B201DF371EC10920000B6111 /* Build configuration list for PBXNativeTarget "FinalMemoryGame" */;
			buildPhases = (
				B201DF211EC10920000B6111 /* Sources */,
				B201DF221EC10920000B6111 /* Frameworks */,
				B201DF231EC10920000B6111 /* Resources */,
			);
			buildRules = (
			);
			dependencies = (
			);
			name = FinalMemoryGame;
			productName = FinalMemoryGame;
			productReference = B201DF251EC10920000B6111 /* FinalMemoryGame.app */;
			productType = "com.apple.product-type.application";
		};
/* End PBXNativeTarget section */

/* Begin PBXProject section */
		B201DF1D1EC10920000B6111 /* Project object */ = {
			isa = PBXProject;
			attributes = {
				LastSwiftUpdateCheck = 0820;
				LastUpgradeCheck = 0820;
				ORGANIZATIONNAME = "Samuel Han";
				TargetAttributes = {
					B201DF241EC10920000B6111 = {
						CreatedOnToolsVersion = 8.2.1;
						ProvisioningStyle = Automatic;
					};
				};
			};
			buildConfigurationList = B201DF201EC10920000B6111 /* Build configuration list for PBXProject "FinalMemoryGame" */;
			compatibilityVersion = "Xcode 3.2";
			developmentRegion = English;
			hasScannedForEncodings = 0;
			knownRegions = (
				en,
				Base,
			);
			mainGroup = B201DF1C1EC10920000B6111;
			productRefGroup = B201DF261EC10920000B6111 /* Products */;
			projectDirPath = "";
			projectRoot = "";
			targets = (
				B201DF241EC10920000B6111 /* FinalMemoryGame */,
			);
		};
/* End PBXProject section */

/* Begin PBXResourcesBuildPhase section */
		B201DF231EC10920000B6111 /* Resources */ = {
			isa = PBXResourcesBuildPhase;
			buildActionMask = 2147483647;
			files = (
				B201DF331EC10920000B6111 /* LaunchScreen.storyboard in Resources */,
				B201DF301EC10920000B6111 /* Assets.xcassets in Resources */,
			);
			runOnlyForDeploymentPostprocessing = 0;
		};
/* End PBXResourcesBuildPhase section */

/* Begin PBXSourcesBuildPhase section */
		B201DF211EC10920000B6111 /* Sources */ = {
			isa = PBXSourcesBuildPhase;
			buildActionMask = 2147483647;
			files = (
				B201DF291EC10920000B6111 /* AppDelegate.swift in Sources */,
				B201DF431EC13164000B6111 /* StartViewController.swift in Sources */,
				B201DF411EC109BF000B6111 /* MemoryGameViewController.swift in Sources */,
				B201DF451EC136A5000B6111 /* InstructionsViewController.swift in Sources */,
			);
			runOnlyForDeploymentPostprocessing = 0;
		};
/* End PBXSourcesBuildPhase section */

/* Begin PBXVariantGroup section */
		B201DF311EC10920000B6111 /* LaunchScreen.storyboard */ = {
			isa = PBXVariantGroup;
			children = (
				B201DF321EC10920000B6111 /* Base */,
			);
			name = LaunchScreen.storyboard;
			sourceTree = "<group>";
		};
/* End PBXVariantGroup section */

/* Begin XCBuildConfiguration section */
		B201DF351EC10920000B6111 /* Debug */ = {
			isa = XCBuildConfiguration;
			buildSettings = {
				ALWAYS_SEARCH_USER_PATHS = NO;
				CLANG_ANALYZER_NONNULL = YES;
				CLANG_CXX_LANGUAGE_STANDARD = "gnu++0x";
				CLANG_CXX_LIBRARY = "libc++";
				CLANG_ENABLE_MODULES = YES;
				CLANG_ENABLE_OBJC_ARC = YES;
				CLANG_WARN_BOOL_CONVERSION = YES;
				CLANG_WARN_CONSTANT_CONVERSION = YES;
				CLANG_WARN_DIRECT_OBJC_ISA_USAGE = YES_ERROR;
				CLANG_WARN_DOCUMENTATION_COMMENTS = YES;
				CLANG_WARN_EMPTY_BODY = YES;
				CLANG_WARN_ENUM_CONVERSION = YES;
				CLANG_WARN_INFINITE_RECURSION = YES;
				CLANG_WARN_INT_CONVERSION = YES;
				CLANG_WARN_OBJC_ROOT_CLASS = YES_ERROR;
				CLANG_WARN_SUSPICIOUS_MOVE = YES;
				CLANG_WARN_UNREACHABLE_CODE = YES;
				CLANG_WARN__DUPLICATE_METHOD_MATCH = YES;
				"CODE_SIGN_IDENTITY[sdk=iphoneos*]" = "iPhone Developer";
				COPY_PHASE_STRIP = NO;
				DEBUG_INFORMATION_FORMAT = dwarf;
				ENABLE_STRICT_OBJC_MSGSEND = YES;
				ENABLE_TESTABILITY = YES;
				GCC_C_LANGUAGE_STANDARD = gnu99;
				GCC_DYNAMIC_NO_PIC = NO;
				GCC_NO_COMMON_BLOCKS = YES;
				GCC_OPTIMIZATION_LEVEL = 0;
				GCC_PREPROCESSOR_DEFINITIONS = (
					"DEBUG=1",
					"$(inherited)",
				);
				GCC_WARN_64_TO_32_BIT_CONVERSION = YES;
				GCC_WARN_ABOUT_RETURN_TYPE = YES_ERROR;
				GCC_WARN_UNDECLARED_SELECTOR = YES;
				GCC_WARN_UNINITIALIZED_AUTOS = YES_AGGRESSIVE;
				GCC_WARN_UNUSED_FUNCTION = YES;
				GCC_WARN_UNUSED_VARIABLE = YES;
				IPHONEOS_DEPLOYMENT_TARGET = 10.2;
				MTL_ENABLE_DEBUG_INFO = YES;
				ONLY_ACTIVE_ARCH = YES;
				SDKROOT = iphoneos;
				SWIFT_ACTIVE_COMPILATION_CONDITIONS = DEBUG;
				SWIFT_OPTIMIZATION_LEVEL = "-Onone";
				TARGETED_DEVICE_FAMILY = "1,2";
			};
			name = Debug;
		};
		B201DF361EC10920000B6111 /* Release */ = {
			isa = XCBuildConfiguration;
			buildSettings = {
				ALWAYS_SEARCH_USER_PATHS = NO;
				CLANG_ANALYZER_NONNULL = YES;
				CLANG_CXX_LANGUAGE_STANDARD = "gnu++0x";
				CLANG_CXX_LIBRARY = "libc++";
				CLANG_ENABLE_MODULES = YES;
				CLANG_ENABLE_OBJC_ARC = YES;
				CLANG_WARN_BOOL_CONVERSION = YES;
				CLANG_WARN_CONSTANT_CONVERSION = YES;
				CLANG_WARN_DIRECT_OBJC_ISA_USAGE = YES_ERROR;
				CLANG_WARN_DOCUMENTATION_COMMENTS = YES;
				CLANG_WARN_EMPTY_BODY = YES;
				CLANG_WARN_ENUM_CONVERSION = YES;
				CLANG_WARN_INFINITE_RECURSION = YES;
				CLANG_WARN_INT_CONVERSION = YES;
				CLANG_WARN_OBJC_ROOT_CLASS = YES_ERROR;
				CLANG_WARN_SUSPICIOUS_MOVE = YES;
				CLANG_WARN_UNREACHABLE_CODE = YES;
				CLANG_WARN__DUPLICATE_METHOD_MATCH = YES;
				"CODE_SIGN_IDENTITY[sdk=iphoneos*]" = "iPhone Developer";
				COPY_PHASE_STRIP = NO;
				DEBUG_INFORMATION_FORMAT = "dwarf-with-dsym";
				ENABLE_NS_ASSERTIONS = NO;
				ENABLE_STRICT_OBJC_MSGSEND = YES;
				GCC_C_LANGUAGE_STANDARD = gnu99;
				GCC_NO_COMMON_BLOCKS = YES;
				GCC_WARN_64_TO_32_BIT_CONVERSION = YES;
				GCC_WARN_ABOUT_RETURN_TYPE = YES_ERROR;
				GCC_WARN_UNDECLARED_SELECTOR = YES;
				GCC_WARN_UNINITIALIZED_AUTOS = YES_AGGRESSIVE;
				GCC_WARN_UNUSED_FUNCTION = YES;
				GCC_WARN_UNUSED_VARIABLE = YES;
				IPHONEOS_DEPLOYMENT_TARGET = 10.2;
				MTL_ENABLE_DEBUG_INFO = NO;
				SDKROOT = iphoneos;
				SWIFT_OPTIMIZATION_LEVEL = "-Owholemodule";
				TARGETED_DEVICE_FAMILY = "1,2";
				VALIDATE_PRODUCT = YES;
			};
			name = Release;
		};
		B201DF381EC10920000B6111 /* Debug */ = {
			isa = XCBuildConfiguration;
			buildSettings = {
				ASSETCATALOG_COMPILER_APPICON_NAME = AppIcon;
				INFOPLIST_FILE = FinalMemoryGame/Info.plist;
				LD_RUNPATH_SEARCH_PATHS = "$(inherited) @executable_path/Frameworks";
				PRODUCT_BUNDLE_IDENTIFIER = samuelhan.FinalMemoryGame;
				PRODUCT_NAME = "$(TARGET_NAME)";
				SWIFT_VERSION = 3.0;
			};
			name = Debug;
		};
		B201DF391EC10920000B6111 /* Release */ = {
			isa = XCBuildConfiguration;
			buildSettings = {
				ASSETCATALOG_COMPILER_APPICON_NAME = AppIcon;
				INFOPLIST_FILE = FinalMemoryGame/Info.plist;
				LD_RUNPATH_SEARCH_PATHS = "$(inherited) @executable_path/Frameworks";
				PRODUCT_BUNDLE_IDENTIFIER = samuelhan.FinalMemoryGame;
				PRODUCT_NAME = "$(TARGET_NAME)";
				SWIFT_VERSION = 3.0;
			};
			name = Release;
		};
/* End XCBuildConfiguration section */

/* Begin XCConfigurationList section */
		B201DF201EC10920000B6111 /* Build configuration list for PBXProject "FinalMemoryGame" */ = {
			isa = XCConfigurationList;
			buildConfigurations = (
				B201DF351EC10920000B6111 /* Debug */,
				B201DF361EC10920000B6111 /* Release */,
			);
			defaultConfigurationIsVisible = 0;
			defaultConfigurationName = Release;
		};
		B201DF371EC10920000B6111 /* Build configuration list for PBXNativeTarget "FinalMemoryGame" */ = {
			isa = XCConfigurationList;
			buildConfigurations = (
				B201DF381EC10920000B6111 /* Debug */,
				B201DF391EC10920000B6111 /* Release */,
			);
			defaultConfigurationIsVisible = 0;
			defaultConfigurationName = Release;
		};
/* End XCConfigurationList section */
	};
	rootObject = B201DF1D1EC10920000B6111 /* Project object */;
}
